// !$*UTF8*$!
{
	archiveVersion = 1;
	classes = {
	};
	objectVersion = 56;
	objects = {

/* Begin PBXBuildFile section */
		045378762CDCACCF00422A42 /* TVCell.swift in Sources */ = {isa = PBXBuildFile; fileRef = 045378752CDCACCF00422A42 /* TVCell.swift */; };
		04B38FCB2E2244A0004C88A8 /* CodeCheckingToolViewController.swift in Sources */ = {isa = PBXBuildFile; fileRef = 04B38FCA2E2244A0004C88A8 /* CodeCheckingToolViewController.swift */; };
		04B38FCD2E226951004C88A8 /* requirements.txt in Resources */ = {isa = PBXBuildFile; fileRef = 04B38FCC2E226951004C88A8 /* requirements.txt */; };
		04C711832CE330E5000AF9DE /* CodingTestViewController.swift in Sources */ = {isa = PBXBuildFile; fileRef = 04C711822CE330E5000AF9DE /* CodingTestViewController.swift */; };
		04C711852CE340BB000AF9DE /* SecondViewController.swift in Sources */ = {isa = PBXBuildFile; fileRef = 04C711842CE340BB000AF9DE /* SecondViewController.swift */; };
		04C711872CE340CA000AF9DE /* ThirdViewController.swift in Sources */ = {isa = PBXBuildFile; fileRef = 04C711862CE340CA000AF9DE /* ThirdViewController.swift */; };
		04CA545B2CDC8F0D0015DAA6 /* AppDelegate.swift in Sources */ = {isa = PBXBuildFile; fileRef = 04CA545A2CDC8F0D0015DAA6 /* AppDelegate.swift */; };
		04CA545D2CDC8F0D0015DAA6 /* SceneDelegate.swift in Sources */ = {isa = PBXBuildFile; fileRef = 04CA545C2CDC8F0D0015DAA6 /* SceneDelegate.swift */; };
		04CA545F2CDC8F0D0015DAA6 /* ViewController.swift in Sources */ = {isa = PBXBuildFile; fileRef = 04CA545E2CDC8F0D0015DAA6 /* ViewController.swift */; };
		04CA54622CDC8F0D0015DAA6 /* Base in Resources */ = {isa = PBXBuildFile; fileRef = 04CA54612CDC8F0D0015DAA6 /* Base */; };
		04CA54642CDC8F0F0015DAA6 /* Assets.xcassets in Resources */ = {isa = PBXBuildFile; fileRef = 04CA54632CDC8F0F0015DAA6 /* Assets.xcassets */; };
		04CA54672CDC8F0F0015DAA6 /* Base in Resources */ = {isa = PBXBuildFile; fileRef = 04CA54662CDC8F0F0015DAA6 /* Base */; };
		04DC7AAB2D1009FE0036F458 /* StickyHeaderViewController.swift in Sources */ = {isa = PBXBuildFile; fileRef = 04DC7AAA2D1009FE0036F458 /* StickyHeaderViewController.swift */; };
		04E3585A2CF88CAF00404F00 /* TrainViewController.swift in Sources */ = {isa = PBXBuildFile; fileRef = 04E358592CF88CAF00404F00 /* TrainViewController.swift */; };
		04E3585C2CF88F7A00404F00 /* TrainCollectionViewCell.swift in Sources */ = {isa = PBXBuildFile; fileRef = 04E3585B2CF88F7A00404F00 /* TrainCollectionViewCell.swift */; };
		04E3585E2CF8ABB900404F00 /* ReverseCollectionViewCell.swift in Sources */ = {isa = PBXBuildFile; fileRef = 04E3585D2CF8ABB900404F00 /* ReverseCollectionViewCell.swift */; };
		3EF620D0D31BFEFEF7973609 /* Pods_TableVwCellExpandCollapse.framework in Frameworks */ = {isa = PBXBuildFile; fileRef = 1325DA5162AADA0E93BC52E4 /* Pods_TableVwCellExpandCollapse.framework */; };
/* End PBXBuildFile section */

/* Begin PBXFileReference section */
		045378752CDCACCF00422A42 /* TVCell.swift */ = {isa = PBXFileReference; lastKnownFileType = sourcecode.swift; path = TVCell.swift; sourceTree = "<group>"; };
		04B38FCA2E2244A0004C88A8 /* CodeCheckingToolViewController.swift */ = {isa = PBXFileReference; lastKnownFileType = sourcecode.swift; path = CodeCheckingToolViewController.swift; sourceTree = "<group>"; };
		04B38FCC2E226951004C88A8 /* requirements.txt */ = {isa = PBXFileReference; lastKnownFileType = text; path = requirements.txt; sourceTree = "<group>"; };
		04C711822CE330E5000AF9DE /* CodingTestViewController.swift */ = {isa = PBXFileReference; lastKnownFileType = sourcecode.swift; path = CodingTestViewController.swift; sourceTree = "<group>"; };
		04C711842CE340BB000AF9DE /* SecondViewController.swift */ = {isa = PBXFileReference; lastKnownFileType = sourcecode.swift; path = SecondViewController.swift; sourceTree = "<group>"; };
		04C711862CE340CA000AF9DE /* ThirdViewController.swift */ = {isa = PBXFileReference; lastKnownFileType = sourcecode.swift; path = ThirdViewController.swift; sourceTree = "<group>"; };
		04CA54572CDC8F0D0015DAA6 /* TableVwCellExpandCollapse.app */ = {isa = PBXFileReference; explicitFileType = wrapper.application; includeInIndex = 0; path = TableVwCellExpandCollapse.app; sourceTree = BUILT_PRODUCTS_DIR; };
		04CA545A2CDC8F0D0015DAA6 /* AppDelegate.swift */ = {isa = PBXFileReference; lastKnownFileType = sourcecode.swift; path = AppDelegate.swift; sourceTree = "<group>"; };
		04CA545C2CDC8F0D0015DAA6 /* SceneDelegate.swift */ = {isa = PBXFileReference; lastKnownFileType = sourcecode.swift; path = SceneDelegate.swift; sourceTree = "<group>"; };
		04CA545E2CDC8F0D0015DAA6 /* ViewController.swift */ = {isa = PBXFileReference; lastKnownFileType = sourcecode.swift; path = ViewController.swift; sourceTree = "<group>"; };
		04CA54612CDC8F0D0015DAA6 /* Base */ = {isa = PBXFileReference; lastKnownFileType = file.storyboard; name = Base; path = Base.lproj/Main.storyboard; sourceTree = "<group>"; };
		04CA54632CDC8F0F0015DAA6 /* Assets.xcassets */ = {isa = PBXFileReference; lastKnownFileType = folder.assetcatalog; path = Assets.xcassets; sourceTree = "<group>"; };
		04CA54662CDC8F0F0015DAA6 /* Base */ = {isa = PBXFileReference; lastKnownFileType = file.storyboard; name = Base; path = Base.lproj/LaunchScreen.storyboard; sourceTree = "<group>"; };
		04CA54682CDC8F0F0015DAA6 /* Info.plist */ = {isa = PBXFileReference; lastKnownFileType = text.plist.xml; path = Info.plist; sourceTree = "<group>"; };
		04DC7AAA2D1009FE0036F458 /* StickyHeaderViewController.swift */ = {isa = PBXFileReference; lastKnownFileType = sourcecode.swift; path = StickyHeaderViewController.swift; sourceTree = "<group>"; };
		04E358592CF88CAF00404F00 /* TrainViewController.swift */ = {isa = PBXFileReference; lastKnownFileType = sourcecode.swift; path = TrainViewController.swift; sourceTree = "<group>"; };
		04E3585B2CF88F7A00404F00 /* TrainCollectionViewCell.swift */ = {isa = PBXFileReference; lastKnownFileType = sourcecode.swift; path = TrainCollectionViewCell.swift; sourceTree = "<group>"; };
		04E3585D2CF8ABB900404F00 /* ReverseCollectionViewCell.swift */ = {isa = PBXFileReference; lastKnownFileType = sourcecode.swift; path = ReverseCollectionViewCell.swift; sourceTree = "<group>"; };
		1325DA5162AADA0E93BC52E4 /* Pods_TableVwCellExpandCollapse.framework */ = {isa = PBXFileReference; explicitFileType = wrapper.framework; includeInIndex = 0; path = Pods_TableVwCellExpandCollapse.framework; sourceTree = BUILT_PRODUCTS_DIR; };
		3F71105B9FCABBFA62BE6121 /* Pods-TableVwCellExpandCollapse.release.xcconfig */ = {isa = PBXFileReference; includeInIndex = 1; lastKnownFileType = text.xcconfig; name = "Pods-TableVwCellExpandCollapse.release.xcconfig"; path = "Target Support Files/Pods-TableVwCellExpandCollapse/Pods-TableVwCellExpandCollapse.release.xcconfig"; sourceTree = "<group>"; };
		5B4328E5EBD500517DE13388 /* Pods-TableVwCellExpandCollapse.debug.xcconfig */ = {isa = PBXFileReference; includeInIndex = 1; lastKnownFileType = text.xcconfig; name = "Pods-TableVwCellExpandCollapse.debug.xcconfig"; path = "Target Support Files/Pods-TableVwCellExpandCollapse/Pods-TableVwCellExpandCollapse.debug.xcconfig"; sourceTree = "<group>"; };
/* End PBXFileReference section */

/* Begin PBXFrameworksBuildPhase section */
		04CA54542CDC8F0D0015DAA6 /* Frameworks */ = {
			isa = PBXFrameworksBuildPhase;
			buildActionMask = 2147483647;
			files = (
				3EF620D0D31BFEFEF7973609 /* Pods_TableVwCellExpandCollapse.framework in Frameworks */,
			);
			runOnlyForDeploymentPostprocessing = 0;
		};
/* End PBXFrameworksBuildPhase section */

/* Begin PBXGroup section */
		04CA544E2CDC8F0D0015DAA6 = {
			isa = PBXGroup;
			children = (
				04B38FCC2E226951004C88A8 /* requirements.txt */,
				04CA54592CDC8F0D0015DAA6 /* TableVwCellExpandCollapse */,
				04CA54582CDC8F0D0015DAA6 /* Products */,
				5B5DD5899D98F7BE6B7614A1 /* Pods */,
				4E6A0047B2F4D5EDC19FF28E /* Frameworks */,
			);
			sourceTree = "<group>";
		};
		04CA54582CDC8F0D0015DAA6 /* Products */ = {
			isa = PBXGroup;
			children = (
				04CA54572CDC8F0D0015DAA6 /* TableVwCellExpandCollapse.app */,
			);
			name = Products;
			sourceTree = "<group>";
		};
		04CA54592CDC8F0D0015DAA6 /* TableVwCellExpandCollapse */ = {
			isa = PBXGroup;
			children = (
				04CA545A2CDC8F0D0015DAA6 /* AppDelegate.swift */,
				04CA545C2CDC8F0D0015DAA6 /* SceneDelegate.swift */,
				04CA545E2CDC8F0D0015DAA6 /* ViewController.swift */,
				04C711822CE330E5000AF9DE /* CodingTestViewController.swift */,
				04C711842CE340BB000AF9DE /* SecondViewController.swift */,
				04C711862CE340CA000AF9DE /* ThirdViewController.swift */,
				04E358592CF88CAF00404F00 /* TrainViewController.swift */,
				04DC7AAA2D1009FE0036F458 /* StickyHeaderViewController.swift */,
				045378752CDCACCF00422A42 /* TVCell.swift */,
				04E3585B2CF88F7A00404F00 /* TrainCollectionViewCell.swift */,
				04E3585D2CF8ABB900404F00 /* ReverseCollectionViewCell.swift */,
				04CA54602CDC8F0D0015DAA6 /* Main.storyboard */,
				04CA54632CDC8F0F0015DAA6 /* Assets.xcassets */,
				04CA54652CDC8F0F0015DAA6 /* LaunchScreen.storyboard */,
				04CA54682CDC8F0F0015DAA6 /* Info.plist */,
				04B38FCA2E2244A0004C88A8 /* CodeCheckingToolViewController.swift */,
			);
			path = TableVwCellExpandCollapse;
			sourceTree = "<group>";
		};
		4E6A0047B2F4D5EDC19FF28E /* Frameworks */ = {
			isa = PBXGroup;
			children = (
				1325DA5162AADA0E93BC52E4 /* Pods_TableVwCellExpandCollapse.framework */,
			);
			name = Frameworks;
			sourceTree = "<group>";
		};
		5B5DD5899D98F7BE6B7614A1 /* Pods */ = {
			isa = PBXGroup;
			children = (
				5B4328E5EBD500517DE13388 /* Pods-TableVwCellExpandCollapse.debug.xcconfig */,
				3F71105B9FCABBFA62BE6121 /* Pods-TableVwCellExpandCollapse.release.xcconfig */,
			);
			path = Pods;
			sourceTree = "<group>";
		};
/* End PBXGroup section */

/* Begin PBXNativeTarget section */
		04CA54562CDC8F0D0015DAA6 /* TableVwCellExpandCollapse */ = {
			isa = PBXNativeTarget;
			buildConfigurationList = 04CA546B2CDC8F0F0015DAA6 /* Build configuration list for PBXNativeTarget "TableVwCellExpandCollapse" */;
			buildPhases = (
				5CECBBF9177DAEBF7A5BECB2 /* [CP] Check Pods Manifest.lock */,
				04CA54532CDC8F0D0015DAA6 /* Sources */,
				04CA54542CDC8F0D0015DAA6 /* Frameworks */,
				04CA54552CDC8F0D0015DAA6 /* Resources */,
				BF5450450BFF094ACB0F5CAC /* [CP] Embed Pods Frameworks */,
			);
			buildRules = (
			);
			dependencies = (
			);
			name = TableVwCellExpandCollapse;
			productName = TableVwCellExpandCollapse;
			productReference = 04CA54572CDC8F0D0015DAA6 /* TableVwCellExpandCollapse.app */;
			productType = "com.apple.product-type.application";
		};
/* End PBXNativeTarget section */

/* Begin PBXProject section */
		04CA544F2CDC8F0D0015DAA6 /* Project object */ = {
			isa = PBXProject;
			attributes = {
				BuildIndependentTargetsInParallel = 1;
				LastSwiftUpdateCheck = 1530;
				LastUpgradeCheck = 1530;
				TargetAttributes = {
					04CA54562CDC8F0D0015DAA6 = {
						CreatedOnToolsVersion = 15.3;
					};
				};
			};
			buildConfigurationList = 04CA54522CDC8F0D0015DAA6 /* Build configuration list for PBXProject "TableVwCellExpandCollapse" */;
			compatibilityVersion = "Xcode 14.0";
			developmentRegion = en;
			hasScannedForEncodings = 0;
			knownRegions = (
				en,
				Base,
			);
			mainGroup = 04CA544E2CDC8F0D0015DAA6;
			productRefGroup = 04CA54582CDC8F0D0015DAA6 /* Products */;
			projectDirPath = "";
			projectRoot = "";
			targets = (
				04CA54562CDC8F0D0015DAA6 /* TableVwCellExpandCollapse */,
			);
		};
/* End PBXProject section */

/* Begin PBXResourcesBuildPhase section */
		04CA54552CDC8F0D0015DAA6 /* Resources */ = {
			isa = PBXResourcesBuildPhase;
			buildActionMask = 2147483647;
			files = (
				04CA54642CDC8F0F0015DAA6 /* Assets.xcassets in Resources */,
				04CA54672CDC8F0F0015DAA6 /* Base in Resources */,
				04B38FCD2E226951004C88A8 /* requirements.txt in Resources */,
				04CA54622CDC8F0D0015DAA6 /* Base in Resources */,
			);
			runOnlyForDeploymentPostprocessing = 0;
		};
/* End PBXResourcesBuildPhase section */

/* Begin PBXShellScriptBuildPhase section */
		5CECBBF9177DAEBF7A5BECB2 /* [CP] Check Pods Manifest.lock */ = {
			isa = PBXShellScriptBuildPhase;
			buildActionMask = 2147483647;
			files = (
			);
			inputFileListPaths = (
			);
			inputPaths = (
				"${PODS_PODFILE_DIR_PATH}/Podfile.lock",
				"${PODS_ROOT}/Manifest.lock",
			);
			name = "[CP] Check Pods Manifest.lock";
			outputFileListPaths = (
			);
			outputPaths = (
				"$(DERIVED_FILE_DIR)/Pods-TableVwCellExpandCollapse-checkManifestLockResult.txt",
			);
			runOnlyForDeploymentPostprocessing = 0;
			shellPath = /bin/sh;
			shellScript = "diff \"${PODS_PODFILE_DIR_PATH}/Podfile.lock\" \"${PODS_ROOT}/Manifest.lock\" > /dev/null\nif [ $? != 0 ] ; then\n    # print error to STDERR\n    echo \"error: The sandbox is not in sync with the Podfile.lock. Run 'pod install' or update your CocoaPods installation.\" >&2\n    exit 1\nfi\n# This output is used by Xcode 'outputs' to avoid re-running this script phase.\necho \"SUCCESS\" > \"${SCRIPT_OUTPUT_FILE_0}\"\n";
			showEnvVarsInLog = 0;
		};
		BF5450450BFF094ACB0F5CAC /* [CP] Embed Pods Frameworks */ = {
			isa = PBXShellScriptBuildPhase;
			buildActionMask = 2147483647;
			files = (
			);
			inputFileListPaths = (
				"${PODS_ROOT}/Target Support Files/Pods-TableVwCellExpandCollapse/Pods-TableVwCellExpandCollapse-frameworks-${CONFIGURATION}-input-files.xcfilelist",
			);
			inputPaths = (
			);
			name = "[CP] Embed Pods Frameworks";
			outputFileListPaths = (
				"${PODS_ROOT}/Target Support Files/Pods-TableVwCellExpandCollapse/Pods-TableVwCellExpandCollapse-frameworks-${CONFIGURATION}-output-files.xcfilelist",
			);
			outputPaths = (
			);
			runOnlyForDeploymentPostprocessing = 0;
			shellPath = /bin/sh;
			shellScript = "\"${PODS_ROOT}/Target Support Files/Pods-TableVwCellExpandCollapse/Pods-TableVwCellExpandCollapse-frameworks.sh\"\n";
			showEnvVarsInLog = 0;
		};
/* End PBXShellScriptBuildPhase section */

/* Begin PBXSourcesBuildPhase section */
		04CA54532CDC8F0D0015DAA6 /* Sources */ = {
			isa = PBXSourcesBuildPhase;
			buildActionMask = 2147483647;
			files = (
				04C711852CE340BB000AF9DE /* SecondViewController.swift in Sources */,
				04E3585A2CF88CAF00404F00 /* TrainViewController.swift in Sources */,
				04CA545F2CDC8F0D0015DAA6 /* ViewController.swift in Sources */,
				045378762CDCACCF00422A42 /* TVCell.swift in Sources */,
				04C711872CE340CA000AF9DE /* ThirdViewController.swift in Sources */,
				04CA545B2CDC8F0D0015DAA6 /* AppDelegate.swift in Sources */,
				04CA545D2CDC8F0D0015DAA6 /* SceneDelegate.swift in Sources */,
				04E3585E2CF8ABB900404F00 /* ReverseCollectionViewCell.swift in Sources */,
				04E3585C2CF88F7A00404F00 /* TrainCollectionViewCell.swift in Sources */,
				04DC7AAB2D1009FE0036F458 /* StickyHeaderViewController.swift in Sources */,
				04C711832CE330E5000AF9DE /* CodingTestViewController.swift in Sources */,
				04B38FCB2E2244A0004C88A8 /* CodeCheckingToolViewController.swift in Sources */,
			);
			runOnlyForDeploymentPostprocessing = 0;
		};
/* End PBXSourcesBuildPhase section */

/* Begin PBXVariantGroup section */
		04CA54602CDC8F0D0015DAA6 /* Main.storyboard */ = {
			isa = PBXVariantGroup;
			children = (
				04CA54612CDC8F0D0015DAA6 /* Base */,
			);
			name = Main.storyboard;
			sourceTree = "<group>";
		};
		04CA54652CDC8F0F0015DAA6 /* LaunchScreen.storyboard */ = {
			isa = PBXVariantGroup;
			children = (
				04CA54662CDC8F0F0015DAA6 /* Base */,
			);
			name = LaunchScreen.storyboard;
			sourceTree = "<group>";
		};
/* End PBXVariantGroup section */

/* Begin XCBuildConfiguration section */
		04CA54692CDC8F0F0015DAA6 /* Debug */ = {
			isa = XCBuildConfiguration;
			buildSettings = {
				ALWAYS_SEARCH_USER_PATHS = NO;
				ASSETCATALOG_COMPILER_GENERATE_SWIFT_ASSET_SYMBOL_EXTENSIONS = YES;
				CLANG_ANALYZER_NONNULL = YES;
				CLANG_ANALYZER_NUMBER_OBJECT_CONVERSION = YES_AGGRESSIVE;
				CLANG_CXX_LANGUAGE_STANDARD = "gnu++20";
				CLANG_ENABLE_MODULES = YES;
				CLANG_ENABLE_OBJC_ARC = YES;
				CLANG_ENABLE_OBJC_WEAK = YES;
				CLANG_WARN_BLOCK_CAPTURE_AUTORELEASING = YES;
				CLANG_WARN_BOOL_CONVERSION = YES;
				CLANG_WARN_COMMA = YES;
				CLANG_WARN_CONSTANT_CONVERSION = YES;
				CLANG_WARN_DEPRECATED_OBJC_IMPLEMENTATIONS = YES;
				CLANG_WARN_DIRECT_OBJC_ISA_USAGE = YES_ERROR;
				CLANG_WARN_DOCUMENTATION_COMMENTS = YES;
				CLANG_WARN_EMPTY_BODY = YES;
				CLANG_WARN_ENUM_CONVERSION = YES;
				CLANG_WARN_INFINITE_RECURSION = YES;
				CLANG_WARN_INT_CONVERSION = YES;
				CLANG_WARN_NON_LITERAL_NULL_CONVERSION = YES;
				CLANG_WARN_OBJC_IMPLICIT_RETAIN_SELF = YES;
				CLANG_WARN_OBJC_LITERAL_CONVERSION = YES;
				CLANG_WARN_OBJC_ROOT_CLASS = YES_ERROR;
				CLANG_WARN_QUOTED_INCLUDE_IN_FRAMEWORK_HEADER = YES;
				CLANG_WARN_RANGE_LOOP_ANALYSIS = YES;
				CLANG_WARN_STRICT_PROTOTYPES = YES;
				CLANG_WARN_SUSPICIOUS_MOVE = YES;
				CLANG_WARN_UNGUARDED_AVAILABILITY = YES_AGGRESSIVE;
				CLANG_WARN_UNREACHABLE_CODE = YES;
				CLANG_WARN__DUPLICATE_METHOD_MATCH = YES;
				COPY_PHASE_STRIP = NO;
				DEBUG_INFORMATION_FORMAT = dwarf;
				ENABLE_STRICT_OBJC_MSGSEND = YES;
				ENABLE_TESTABILITY = YES;
				ENABLE_USER_SCRIPT_SANDBOXING = YES;
				GCC_C_LANGUAGE_STANDARD = gnu17;
				GCC_DYNAMIC_NO_PIC = NO;
				GCC_NO_COMMON_BLOCKS = YES;
				GCC_OPTIMIZATION_LEVEL = 0;
				GCC_PREPROCESSOR_DEFINITIONS = (
					"DEBUG=1",
					"$(inherited)",
				);
				GCC_WARN_64_TO_32_BIT_CONVERSION = YES;
				GCC_WARN_ABOUT_RETURN_TYPE = YES_ERROR;
				GCC_WARN_UNDECLARED_SELECTOR = YES;
				GCC_WARN_UNINITIALIZED_AUTOS = YES_AGGRESSIVE;
				GCC_WARN_UNUSED_FUNCTION = YES;
				GCC_WARN_UNUSED_VARIABLE = YES;
				IPHONEOS_DEPLOYMENT_TARGET = 17.4;
				LOCALIZATION_PREFERS_STRING_CATALOGS = YES;
				MTL_ENABLE_DEBUG_INFO = INCLUDE_SOURCE;
				MTL_FAST_MATH = YES;
				ONLY_ACTIVE_ARCH = YES;
				SDKROOT = iphoneos;
				SWIFT_ACTIVE_COMPILATION_CONDITIONS = "DEBUG $(inherited)";
				SWIFT_OPTIMIZATION_LEVEL = "-Onone";
			};
			name = Debug;
		};
		04CA546A2CDC8F0F0015DAA6 /* Release */ = {
			isa = XCBuildConfiguration;
			buildSettings = {
				ALWAYS_SEARCH_USER_PATHS = NO;
				ASSETCATALOG_COMPILER_GENERATE_SWIFT_ASSET_SYMBOL_EXTENSIONS = YES;
				CLANG_ANALYZER_NONNULL = YES;
				CLANG_ANALYZER_NUMBER_OBJECT_CONVERSION = YES_AGGRESSIVE;
				CLANG_CXX_LANGUAGE_STANDARD = "gnu++20";
				CLANG_ENABLE_MODULES = YES;
				CLANG_ENABLE_OBJC_ARC = YES;
				CLANG_ENABLE_OBJC_WEAK = YES;
				CLANG_WARN_BLOCK_CAPTURE_AUTORELEASING = YES;
				CLANG_WARN_BOOL_CONVERSION = YES;
				CLANG_WARN_COMMA = YES;
				CLANG_WARN_CONSTANT_CONVERSION = YES;
				CLANG_WARN_DEPRECATED_OBJC_IMPLEMENTATIONS = YES;
				CLANG_WARN_DIRECT_OBJC_ISA_USAGE = YES_ERROR;
				CLANG_WARN_DOCUMENTATION_COMMENTS = YES;
				CLANG_WARN_EMPTY_BODY = YES;
				CLANG_WARN_ENUM_CONVERSION = YES;
				CLANG_WARN_INFINITE_RECURSION = YES;
				CLANG_WARN_INT_CONVERSION = YES;
				CLANG_WARN_NON_LITERAL_NULL_CONVERSION = YES;
				CLANG_WARN_OBJC_IMPLICIT_RETAIN_SELF = YES;
				CLANG_WARN_OBJC_LITERAL_CONVERSION = YES;
				CLANG_WARN_OBJC_ROOT_CLASS = YES_ERROR;
				CLANG_WARN_QUOTED_INCLUDE_IN_FRAMEWORK_HEADER = YES;
				CLANG_WARN_RANGE_LOOP_ANALYSIS = YES;
				CLANG_WARN_STRICT_PROTOTYPES = YES;
				CLANG_WARN_SUSPICIOUS_MOVE = YES;
				CLANG_WARN_UNGUARDED_AVAILABILITY = YES_AGGRESSIVE;
				CLANG_WARN_UNREACHABLE_CODE = YES;
				CLANG_WARN__DUPLICATE_METHOD_MATCH = YES;
				COPY_PHASE_STRIP = NO;
				DEBUG_INFORMATION_FORMAT = "dwarf-with-dsym";
				ENABLE_NS_ASSERTIONS = NO;
				ENABLE_STRICT_OBJC_MSGSEND = YES;
				ENABLE_USER_SCRIPT_SANDBOXING = YES;
				GCC_C_LANGUAGE_STANDARD = gnu17;
				GCC_NO_COMMON_BLOCKS = YES;
				GCC_WARN_64_TO_32_BIT_CONVERSION = YES;
				GCC_WARN_ABOUT_RETURN_TYPE = YES_ERROR;
				GCC_WARN_UNDECLARED_SELECTOR = YES;
				GCC_WARN_UNINITIALIZED_AUTOS = YES_AGGRESSIVE;
				GCC_WARN_UNUSED_FUNCTION = YES;
				GCC_WARN_UNUSED_VARIABLE = YES;
				IPHONEOS_DEPLOYMENT_TARGET = 17.4;
				LOCALIZATION_PREFERS_STRING_CATALOGS = YES;
				MTL_ENABLE_DEBUG_INFO = NO;
				MTL_FAST_MATH = YES;
				SDKROOT = iphoneos;
				SWIFT_COMPILATION_MODE = wholemodule;
				VALIDATE_PRODUCT = YES;
			};
			name = Release;
		};
		04CA546C2CDC8F0F0015DAA6 /* Debug */ = {
			isa = XCBuildConfiguration;
			baseConfigurationReference = 5B4328E5EBD500517DE13388 /* Pods-TableVwCellExpandCollapse.debug.xcconfig */;
			buildSettings = {
				ASSETCATALOG_COMPILER_APPICON_NAME = AppIcon;
				ASSETCATALOG_COMPILER_GLOBAL_ACCENT_COLOR_NAME = AccentColor;
				CODE_SIGN_STYLE = Automatic;
				CURRENT_PROJECT_VERSION = 1;
				DEVELOPMENT_TEAM = WAF8LRDF5P;
				ENABLE_USER_SCRIPT_SANDBOXING = NO;
				GENERATE_INFOPLIST_FILE = YES;
				INFOPLIST_FILE = TableVwCellExpandCollapse/Info.plist;
				INFOPLIST_KEY_UIApplicationSupportsIndirectInputEvents = YES;
				INFOPLIST_KEY_UILaunchStoryboardName = LaunchScreen;
				INFOPLIST_KEY_UIMainStoryboardFile = Main;
				INFOPLIST_KEY_UISupportedInterfaceOrientations_iPad = "UIInterfaceOrientationPortrait UIInterfaceOrientationPortraitUpsideDown UIInterfaceOrientationLandscapeLeft UIInterfaceOrientationLandscapeRight";
				INFOPLIST_KEY_UISupportedInterfaceOrientations_iPhone = "UIInterfaceOrientationPortrait UIInterfaceOrientationLandscapeLeft UIInterfaceOrientationLandscapeRight";
				IPHONEOS_DEPLOYMENT_TARGET = 15.0;
				LD_RUNPATH_SEARCH_PATHS = (
					"$(inherited)",
					"@executable_path/Frameworks",
				);
				MARKETING_VERSION = 1.0;
				PRODUCT_BUNDLE_IDENTIFIER = com.dapl..TableVwCellExpandCollapse;
				PRODUCT_NAME = "$(TARGET_NAME)";
				SWIFT_EMIT_LOC_STRINGS = YES;
				SWIFT_VERSION = 5.0;
				TARGETED_DEVICE_FAMILY = "1,2";
			};
			name = Debug;
		};
		04CA546D2CDC8F0F0015DAA6 /* Release */ = {
			isa = XCBuildConfiguration;
			baseConfigurationReference = 3F71105B9FCABBFA62BE6121 /* Pods-TableVwCellExpandCollapse.release.xcconfig */;
			buildSettings = {
				ASSETCATALOG_COMPILER_APPICON_NAME = AppIcon;
				ASSETCATALOG_COMPILER_GLOBAL_ACCENT_COLOR_NAME = AccentColor;
				CODE_SIGN_STYLE = Automatic;
				CURRENT_PROJECT_VERSION = 1;
				DEVELOPMENT_TEAM = WAF8LRDF5P;
				ENABLE_USER_SCRIPT_SANDBOXING = NO;
				GENERATE_INFOPLIST_FILE = YES;
				INFOPLIST_FILE = TableVwCellExpandCollapse/Info.plist;
				INFOPLIST_KEY_UIApplicationSupportsIndirectInputEvents = YES;
				INFOPLIST_KEY_UILaunchStoryboardName = LaunchScreen;
				INFOPLIST_KEY_UIMainStoryboardFile = Main;
				INFOPLIST_KEY_UISupportedInterfaceOrientations_iPad = "UIInterfaceOrientationPortrait UIInterfaceOrientationPortraitUpsideDown UIInterfaceOrientationLandscapeLeft UIInterfaceOrientationLandscapeRight";
				INFOPLIST_KEY_UISupportedInterfaceOrientations_iPhone = "UIInterfaceOrientationPortrait UIInterfaceOrientationLandscapeLeft UIInterfaceOrientationLandscapeRight";
				IPHONEOS_DEPLOYMENT_TARGET = 15.0;
				LD_RUNPATH_SEARCH_PATHS = (
					"$(inherited)",
					"@executable_path/Frameworks",
				);
				MARKETING_VERSION = 1.0;
				PRODUCT_BUNDLE_IDENTIFIER = com.dapl..TableVwCellExpandCollapse;
				PRODUCT_NAME = "$(TARGET_NAME)";
				SWIFT_EMIT_LOC_STRINGS = YES;
				SWIFT_VERSION = 5.0;
				TARGETED_DEVICE_FAMILY = "1,2";
			};
			name = Release;
		};
/* End XCBuildConfiguration section */

/* Begin XCConfigurationList section */
		04CA54522CDC8F0D0015DAA6 /* Build configuration list for PBXProject "TableVwCellExpandCollapse" */ = {
			isa = XCConfigurationList;
			buildConfigurations = (
				04CA54692CDC8F0F0015DAA6 /* Debug */,
				04CA546A2CDC8F0F0015DAA6 /* Release */,
			);
			defaultConfigurationIsVisible = 0;
			defaultConfigurationName = Release;
		};
		04CA546B2CDC8F0F0015DAA6 /* Build configuration list for PBXNativeTarget "TableVwCellExpandCollapse" */ = {
			isa = XCConfigurationList;
			buildConfigurations = (
				04CA546C2CDC8F0F0015DAA6 /* Debug */,
				04CA546D2CDC8F0F0015DAA6 /* Release */,
			);
			defaultConfigurationIsVisible = 0;
			defaultConfigurationName = Release;
		};
/* End XCConfigurationList section */
	};
	rootObject = 04CA544F2CDC8F0D0015DAA6 /* Project object */;
}
